
Microsoft Visual Studio Solution File, Format Version 12.00
# Visual Studio 2013
VisualStudioVersion = 12.0.21005.1
MinimumVisualStudioVersion = 10.0.40219.1
Project("{FAE04EC0-301F-11D3-BF4B-00C04F79EFBC}") = "MINI Telephone Diary", "MINI Telephone Diary\MINI Telephone Diary.csproj", "{4C1220E5-1D2B-443F-8932-825381593D13}"
EndProject
Global
	GlobalSection(SolutionConfigurationPlatforms) = preSolution
		Debug|Any CPU = Debug|Any CPU
		Release|Any CPU = Release|Any CPU
	EndGlobalSection
	GlobalSection(ProjectConfigurationPlatforms) = postSolution
		{4C1220E5-1D2B-443F-8932-825381593D13}.Debug|Any CPU.ActiveCfg = Debug|Any CPU
		{4C1220E5-1D2B-443F-8932-825381593D13}.Debug|Any CPU.Build.0 = Debug|Any CPU
		{4C1220E5-1D2B-443F-8932-825381593D13}.Release|Any CPU.ActiveCfg = Release|Any CPU
		{4C1220E5-1D2B-443F-8932-825381593D13}.Release|Any CPU.Build.0 = Release|Any CPU
	EndGlobalSection
	GlobalSection(SolutionProperties) = preSolution
		HideSolutionNode = FALSE
	EndGlobalSection
EndGlobal
